
Microsoft Visual Studio Solution File, Format Version 12.00
# Visual Studio Version 17
VisualStudioVersion = 17.4.33110.190
MinimumVisualStudioVersion = 15.0.26124.0
Project("{9A19103F-16F7-4668-BE54-9A1E7A4F7556}") = "Common.DataAccess", "Common.DataAccess\Common.DataAccess.csproj", "{498B617D-FB23-46BF-9E34-CDEC8218B112}"
EndProject
Project("{9A19103F-16F7-4668-BE54-9A1E7A4F7556}") = "Common.DTO", "Common.DTO\Common.DTO.csproj", "{5C831ED6-9F93-4660-B270-74D33DC2D7FE}"
EndProject
Project("{9A19103F-16F7-4668-BE54-9A1E7A4F7556}") = "Common.Infrastructure", "Common.Infrastructure\Common.Infrastructure.csproj", "{44F5A49D-53FB-4F1C-8422-1E67327C5022}"
EndProject
Project("{9A19103F-16F7-4668-BE54-9A1E7A4F7556}") = "Common.Functions", "Common.Functions\Common.Functions.csproj", "{FB87BF62-71EC-4CC5-A06A-70131F6A0DDA}"
EndProject
Project("{9A19103F-16F7-4668-BE54-9A1E7A4F7556}") = "Common.Domain", "Common.Models\Common.Domain.csproj", "{099292A5-D00A-475A-B41C-94B0C820E921}"
EndProject
Project("{9A19103F-16F7-4668-BE54-9A1E7A4F7556}") = "EmprestimoDVD.API", "EmprestimoDVD.API\EmprestimoDVD.API.csproj", "{D9CA3F58-BE65-45B7-8659-E0D30BFCBF55}"
EndProject
Project("{9A19103F-16F7-4668-BE54-9A1E7A4F7556}") = "EmprestimoDVD.Application", "EmprestimoDVD.Application\EmprestimoDVD.Application.csproj", "{60CBFD50-2A62-490B-B01C-449E24B52F20}"
EndProject
Project("{9A19103F-16F7-4668-BE54-9A1E7A4F7556}") = "EmprestimoDVD.Domain", "EmprestimoDVD.Domain\EmprestimoDVD.Domain.csproj", "{03D85B0B-8F3B-4C01-81B9-6E1B1A85A476}"
EndProject
Project("{9A19103F-16F7-4668-BE54-9A1E7A4F7556}") = "EmprestimoDVD.DTO", "EmprestimoDVD.DTO\EmprestimoDVD.DTO.csproj", "{A7D4F61E-ADDF-45FA-B669-A5879595CC01}"
EndProject
Project("{9A19103F-16F7-4668-BE54-9A1E7A4F7556}") = "EmprestimoDVD.Persistence", "EmprestimoDVD.Persistence\EmprestimoDVD.Persistence.csproj", "{70DB1F52-8130-4E91-81D5-5D7C003A4945}"
EndProject
Project("{9A19103F-16F7-4668-BE54-9A1E7A4F7556}") = "EmprestimoDVD.Infrastructure", "EmprestimoDVD.Infrastructure\EmprestimoDVD.Infrastructure.csproj", "{15D86C95-0604-4CFA-989B-F7E4B428AB7E}"
EndProject
Global
	GlobalSection(SolutionConfigurationPlatforms) = preSolution
		Debug|Any CPU = Debug|Any CPU
		Debug|x64 = Debug|x64
		Debug|x86 = Debug|x86
		Release|Any CPU = Release|Any CPU
		Release|x64 = Release|x64
		Release|x86 = Release|x86
	EndGlobalSection
	GlobalSection(ProjectConfigurationPlatforms) = postSolution
		{498B617D-FB23-46BF-9E34-CDEC8218B112}.Debug|Any CPU.ActiveCfg = Debug|Any CPU
		{498B617D-FB23-46BF-9E34-CDEC8218B112}.Debug|Any CPU.Build.0 = Debug|Any CPU
		{498B617D-FB23-46BF-9E34-CDEC8218B112}.Debug|x64.ActiveCfg = Debug|Any CPU
		{498B617D-FB23-46BF-9E34-CDEC8218B112}.Debug|x64.Build.0 = Debug|Any CPU
		{498B617D-FB23-46BF-9E34-CDEC8218B112}.Debug|x86.ActiveCfg = Debug|Any CPU
		{498B617D-FB23-46BF-9E34-CDEC8218B112}.Debug|x86.Build.0 = Debug|Any CPU
		{498B617D-FB23-46BF-9E34-CDEC8218B112}.Release|Any CPU.ActiveCfg = Release|Any CPU
		{498B617D-FB23-46BF-9E34-CDEC8218B112}.Release|Any CPU.Build.0 = Release|Any CPU
		{498B617D-FB23-46BF-9E34-CDEC8218B112}.Release|x64.ActiveCfg = Release|Any CPU
		{498B617D-FB23-46BF-9E34-CDEC8218B112}.Release|x64.Build.0 = Release|Any CPU
		{498B617D-FB23-46BF-9E34-CDEC8218B112}.Release|x86.ActiveCfg = Release|Any CPU
		{498B617D-FB23-46BF-9E34-CDEC8218B112}.Release|x86.Build.0 = Release|Any CPU
		{5C831ED6-9F93-4660-B270-74D33DC2D7FE}.Debug|Any CPU.ActiveCfg = Debug|Any CPU
		{5C831ED6-9F93-4660-B270-74D33DC2D7FE}.Debug|Any CPU.Build.0 = Debug|Any CPU
		{5C831ED6-9F93-4660-B270-74D33DC2D7FE}.Debug|x64.ActiveCfg = Debug|Any CPU
		{5C831ED6-9F93-4660-B270-74D33DC2D7FE}.Debug|x64.Build.0 = Debug|Any CPU
		{5C831ED6-9F93-4660-B270-74D33DC2D7FE}.Debug|x86.ActiveCfg = Debug|Any CPU
		{5C831ED6-9F93-4660-B270-74D33DC2D7FE}.Debug|x86.Build.0 = Debug|Any CPU
		{5C831ED6-9F93-4660-B270-74D33DC2D7FE}.Release|Any CPU.ActiveCfg = Release|Any CPU
		{5C831ED6-9F93-4660-B270-74D33DC2D7FE}.Release|Any CPU.Build.0 = Release|Any CPU
		{5C831ED6-9F93-4660-B270-74D33DC2D7FE}.Release|x64.ActiveCfg = Release|Any CPU
		{5C831ED6-9F93-4660-B270-74D33DC2D7FE}.Release|x64.Build.0 = Release|Any CPU
		{5C831ED6-9F93-4660-B270-74D33DC2D7FE}.Release|x86.ActiveCfg = Release|Any CPU
		{5C831ED6-9F93-4660-B270-74D33DC2D7FE}.Release|x86.Build.0 = Release|Any CPU
		{44F5A49D-53FB-4F1C-8422-1E67327C5022}.Debug|Any CPU.ActiveCfg = Debug|Any CPU
		{44F5A49D-53FB-4F1C-8422-1E67327C5022}.Debug|Any CPU.Build.0 = Debug|Any CPU
		{44F5A49D-53FB-4F1C-8422-1E67327C5022}.Debug|x64.ActiveCfg = Debug|Any CPU
		{44F5A49D-53FB-4F1C-8422-1E67327C5022}.Debug|x64.Build.0 = Debug|Any CPU
		{44F5A49D-53FB-4F1C-8422-1E67327C5022}.Debug|x86.ActiveCfg = Debug|Any CPU
		{44F5A49D-53FB-4F1C-8422-1E67327C5022}.Debug|x86.Build.0 = Debug|Any CPU
		{44F5A49D-53FB-4F1C-8422-1E67327C5022}.Release|Any CPU.ActiveCfg = Release|Any CPU
		{44F5A49D-53FB-4F1C-8422-1E67327C5022}.Release|Any CPU.Build.0 = Release|Any CPU
		{44F5A49D-53FB-4F1C-8422-1E67327C5022}.Release|x64.ActiveCfg = Release|Any CPU
		{44F5A49D-53FB-4F1C-8422-1E67327C5022}.Release|x64.Build.0 = Release|Any CPU
		{44F5A49D-53FB-4F1C-8422-1E67327C5022}.Release|x86.ActiveCfg = Release|Any CPU
		{44F5A49D-53FB-4F1C-8422-1E67327C5022}.Release|x86.Build.0 = Release|Any CPU
		{FB87BF62-71EC-4CC5-A06A-70131F6A0DDA}.Debug|Any CPU.ActiveCfg = Debug|Any CPU
		{FB87BF62-71EC-4CC5-A06A-70131F6A0DDA}.Debug|Any CPU.Build.0 = Debug|Any CPU
		{FB87BF62-71EC-4CC5-A06A-70131F6A0DDA}.Debug|x64.ActiveCfg = Debug|Any CPU
		{FB87BF62-71EC-4CC5-A06A-70131F6A0DDA}.Debug|x64.Build.0 = Debug|Any CPU
		{FB87BF62-71EC-4CC5-A06A-70131F6A0DDA}.Debug|x86.ActiveCfg = Debug|Any CPU
		{FB87BF62-71EC-4CC5-A06A-70131F6A0DDA}.Debug|x86.Build.0 = Debug|Any CPU
		{FB87BF62-71EC-4CC5-A06A-70131F6A0DDA}.Release|Any CPU.ActiveCfg = Release|Any CPU
		{FB87BF62-71EC-4CC5-A06A-70131F6A0DDA}.Release|Any CPU.Build.0 = Release|Any CPU
		{FB87BF62-71EC-4CC5-A06A-70131F6A0DDA}.Release|x64.ActiveCfg = Release|Any CPU
		{FB87BF62-71EC-4CC5-A06A-70131F6A0DDA}.Release|x64.Build.0 = Release|Any CPU
		{FB87BF62-71EC-4CC5-A06A-70131F6A0DDA}.Release|x86.ActiveCfg = Release|Any CPU
		{FB87BF62-71EC-4CC5-A06A-70131F6A0DDA}.Release|x86.Build.0 = Release|Any CPU
		{099292A5-D00A-475A-B41C-94B0C820E921}.Debug|Any CPU.ActiveCfg = Debug|Any CPU
		{099292A5-D00A-475A-B41C-94B0C820E921}.Debug|Any CPU.Build.0 = Debug|Any CPU
		{099292A5-D00A-475A-B41C-94B0C820E921}.Debug|x64.ActiveCfg = Debug|Any CPU
		{099292A5-D00A-475A-B41C-94B0C820E921}.Debug|x64.Build.0 = Debug|Any CPU
		{099292A5-D00A-475A-B41C-94B0C820E921}.Debug|x86.ActiveCfg = Debug|Any CPU
		{099292A5-D00A-475A-B41C-94B0C820E921}.Debug|x86.Build.0 = Debug|Any CPU
		{099292A5-D00A-475A-B41C-94B0C820E921}.Release|Any CPU.ActiveCfg = Release|Any CPU
		{099292A5-D00A-475A-B41C-94B0C820E921}.Release|Any CPU.Build.0 = Release|Any CPU
		{099292A5-D00A-475A-B41C-94B0C820E921}.Release|x64.ActiveCfg = Release|Any CPU
		{099292A5-D00A-475A-B41C-94B0C820E921}.Release|x64.Build.0 = Release|Any CPU
		{099292A5-D00A-475A-B41C-94B0C820E921}.Release|x86.ActiveCfg = Release|Any CPU
		{099292A5-D00A-475A-B41C-94B0C820E921}.Release|x86.Build.0 = Release|Any CPU
		{D9CA3F58-BE65-45B7-8659-E0D30BFCBF55}.Debug|Any CPU.ActiveCfg = Debug|Any CPU
		{D9CA3F58-BE65-45B7-8659-E0D30BFCBF55}.Debug|Any CPU.Build.0 = Debug|Any CPU
		{D9CA3F58-BE65-45B7-8659-E0D30BFCBF55}.Debug|x64.ActiveCfg = Debug|Any CPU
		{D9CA3F58-BE65-45B7-8659-E0D30BFCBF55}.Debug|x64.Build.0 = Debug|Any CPU
		{D9CA3F58-BE65-45B7-8659-E0D30BFCBF55}.Debug|x86.ActiveCfg = Debug|Any CPU
		{D9CA3F58-BE65-45B7-8659-E0D30BFCBF55}.Debug|x86.Build.0 = Debug|Any CPU
		{D9CA3F58-BE65-45B7-8659-E0D30BFCBF55}.Release|Any CPU.ActiveCfg = Release|Any CPU
		{D9CA3F58-BE65-45B7-8659-E0D30BFCBF55}.Release|Any CPU.Build.0 = Release|Any CPU
		{D9CA3F58-BE65-45B7-8659-E0D30BFCBF55}.Release|x64.ActiveCfg = Release|Any CPU
		{D9CA3F58-BE65-45B7-8659-E0D30BFCBF55}.Release|x64.Build.0 = Release|Any CPU
		{D9CA3F58-BE65-45B7-8659-E0D30BFCBF55}.Release|x86.ActiveCfg = Release|Any CPU
		{D9CA3F58-BE65-45B7-8659-E0D30BFCBF55}.Release|x86.Build.0 = Release|Any CPU
		{60CBFD50-2A62-490B-B01C-449E24B52F20}.Debug|Any CPU.ActiveCfg = Debug|Any CPU
		{60CBFD50-2A62-490B-B01C-449E24B52F20}.Debug|Any CPU.Build.0 = Debug|Any CPU
		{60CBFD50-2A62-490B-B01C-449E24B52F20}.Debug|x64.ActiveCfg = Debug|Any CPU
		{60CBFD50-2A62-490B-B01C-449E24B52F20}.Debug|x64.Build.0 = Debug|Any CPU
		{60CBFD50-2A62-490B-B01C-449E24B52F20}.Debug|x86.ActiveCfg = Debug|Any CPU
		{60CBFD50-2A62-490B-B01C-449E24B52F20}.Debug|x86.Build.0 = Debug|Any CPU
		{60CBFD50-2A62-490B-B01C-449E24B52F20}.Release|Any CPU.ActiveCfg = Release|Any CPU
		{60CBFD50-2A62-490B-B01C-449E24B52F20}.Release|Any CPU.Build.0 = Release|Any CPU
		{60CBFD50-2A62-490B-B01C-449E24B52F20}.Release|x64.ActiveCfg = Release|Any CPU
		{60CBFD50-2A62-490B-B01C-449E24B52F20}.Release|x64.Build.0 = Release|Any CPU
		{60CBFD50-2A62-490B-B01C-449E24B52F20}.Release|x86.ActiveCfg = Release|Any CPU
		{60CBFD50-2A62-490B-B01C-449E24B52F20}.Release|x86.Build.0 = Release|Any CPU
		{03D85B0B-8F3B-4C01-81B9-6E1B1A85A476}.Debug|Any CPU.ActiveCfg = Debug|Any CPU
		{03D85B0B-8F3B-4C01-81B9-6E1B1A85A476}.Debug|Any CPU.Build.0 = Debug|Any CPU
		{03D85B0B-8F3B-4C01-81B9-6E1B1A85A476}.Debug|x64.ActiveCfg = Debug|Any CPU
		{03D85B0B-8F3B-4C01-81B9-6E1B1A85A476}.Debug|x64.Build.0 = Debug|Any CPU
		{03D85B0B-8F3B-4C01-81B9-6E1B1A85A476}.Debug|x86.ActiveCfg = Debug|Any CPU
		{03D85B0B-8F3B-4C01-81B9-6E1B1A85A476}.Debug|x86.Build.0 = Debug|Any CPU
		{03D85B0B-8F3B-4C01-81B9-6E1B1A85A476}.Release|Any CPU.ActiveCfg = Release|Any CPU
		{03D85B0B-8F3B-4C01-81B9-6E1B1A85A476}.Release|Any CPU.Build.0 = Release|Any CPU
		{03D85B0B-8F3B-4C01-81B9-6E1B1A85A476}.Release|x64.ActiveCfg = Release|Any CPU
		{03D85B0B-8F3B-4C01-81B9-6E1B1A85A476}.Release|x64.Build.0 = Release|Any CPU
		{03D85B0B-8F3B-4C01-81B9-6E1B1A85A476}.Release|x86.ActiveCfg = Release|Any CPU
		{03D85B0B-8F3B-4C01-81B9-6E1B1A85A476}.Release|x86.Build.0 = Release|Any CPU
		{A7D4F61E-ADDF-45FA-B669-A5879595CC01}.Debug|Any CPU.ActiveCfg = Debug|Any CPU
		{A7D4F61E-ADDF-45FA-B669-A5879595CC01}.Debug|Any CPU.Build.0 = Debug|Any CPU
		{A7D4F61E-ADDF-45FA-B669-A5879595CC01}.Debug|x64.ActiveCfg = Debug|Any CPU
		{A7D4F61E-ADDF-45FA-B669-A5879595CC01}.Debug|x64.Build.0 = Debug|Any CPU
		{A7D4F61E-ADDF-45FA-B669-A5879595CC01}.Debug|x86.ActiveCfg = Debug|Any CPU
		{A7D4F61E-ADDF-45FA-B669-A5879595CC01}.Debug|x86.Build.0 = Debug|Any CPU
		{A7D4F61E-ADDF-45FA-B669-A5879595CC01}.Release|Any CPU.ActiveCfg = Release|Any CPU
		{A7D4F61E-ADDF-45FA-B669-A5879595CC01}.Release|Any CPU.Build.0 = Release|Any CPU
		{A7D4F61E-ADDF-45FA-B669-A5879595CC01}.Release|x64.ActiveCfg = Release|Any CPU
		{A7D4F61E-ADDF-45FA-B669-A5879595CC01}.Release|x64.Build.0 = Release|Any CPU
		{A7D4F61E-ADDF-45FA-B669-A5879595CC01}.Release|x86.ActiveCfg = Release|Any CPU
		{A7D4F61E-ADDF-45FA-B669-A5879595CC01}.Release|x86.Build.0 = Release|Any CPU
		{70DB1F52-8130-4E91-81D5-5D7C003A4945}.Debug|Any CPU.ActiveCfg = Debug|Any CPU
		{70DB1F52-8130-4E91-81D5-5D7C003A4945}.Debug|Any CPU.Build.0 = Debug|Any CPU
		{70DB1F52-8130-4E91-81D5-5D7C003A4945}.Debug|x64.ActiveCfg = Debug|Any CPU
		{70DB1F52-8130-4E91-81D5-5D7C003A4945}.Debug|x64.Build.0 = Debug|Any CPU
		{70DB1F52-8130-4E91-81D5-5D7C003A4945}.Debug|x86.ActiveCfg = Debug|Any CPU
		{70DB1F52-8130-4E91-81D5-5D7C003A4945}.Debug|x86.Build.0 = Debug|Any CPU
		{70DB1F52-8130-4E91-81D5-5D7C003A4945}.Release|Any CPU.ActiveCfg = Release|Any CPU
		{70DB1F52-8130-4E91-81D5-5D7C003A4945}.Release|Any CPU.Build.0 = Release|Any CPU
		{70DB1F52-8130-4E91-81D5-5D7C003A4945}.Release|x64.ActiveCfg = Release|Any CPU
		{70DB1F52-8130-4E91-81D5-5D7C003A4945}.Release|x64.Build.0 = Release|Any CPU
		{70DB1F52-8130-4E91-81D5-5D7C003A4945}.Release|x86.ActiveCfg = Release|Any CPU
		{70DB1F52-8130-4E91-81D5-5D7C003A4945}.Release|x86.Build.0 = Release|Any CPU
		{15D86C95-0604-4CFA-989B-F7E4B428AB7E}.Debug|Any CPU.ActiveCfg = Debug|Any CPU
		{15D86C95-0604-4CFA-989B-F7E4B428AB7E}.Debug|Any CPU.Build.0 = Debug|Any CPU
		{15D86C95-0604-4CFA-989B-F7E4B428AB7E}.Debug|x64.ActiveCfg = Debug|Any CPU
		{15D86C95-0604-4CFA-989B-F7E4B428AB7E}.Debug|x64.Build.0 = Debug|Any CPU
		{15D86C95-0604-4CFA-989B-F7E4B428AB7E}.Debug|x86.ActiveCfg = Debug|Any CPU
		{15D86C95-0604-4CFA-989B-F7E4B428AB7E}.Debug|x86.Build.0 = Debug|Any CPU
		{15D86C95-0604-4CFA-989B-F7E4B428AB7E}.Release|Any CPU.ActiveCfg = Release|Any CPU
		{15D86C95-0604-4CFA-989B-F7E4B428AB7E}.Release|Any CPU.Build.0 = Release|Any CPU
		{15D86C95-0604-4CFA-989B-F7E4B428AB7E}.Release|x64.ActiveCfg = Release|Any CPU
		{15D86C95-0604-4CFA-989B-F7E4B428AB7E}.Release|x64.Build.0 = Release|Any CPU
		{15D86C95-0604-4CFA-989B-F7E4B428AB7E}.Release|x86.ActiveCfg = Release|Any CPU
		{15D86C95-0604-4CFA-989B-F7E4B428AB7E}.Release|x86.Build.0 = Release|Any CPU
	EndGlobalSection
	GlobalSection(SolutionProperties) = preSolution
		HideSolutionNode = FALSE
	EndGlobalSection
	GlobalSection(ExtensibilityGlobals) = postSolution
		SolutionGuid = {27C28DDE-C376-4C6F-A3A3-A57B6161F779}
	EndGlobalSection
EndGlobal
